dependencies:
- name: auth-service
  repository: file://charts/auth-service
  version: 0.1.0
- name: ticket-service
  repository: file://charts/ticket-service
  version: 0.1.0
- name: order-service
  repository: file://charts/order-service
  version: 0.1.0
- name: payment-service
  repository: file://charts/payment-service
  version: 0.1.0
- name: expiration-service
  repository: file://charts/expiration-service
  version: 0.1.0
- name: client
  repository: file://charts/client
  version: 0.1.0
- name: venue-service
  repository: file://charts/venue-service
  version: 0.1.0
- name: user-service
  repository: file://charts/user-service
  version: 0.1.0
- name: observability
  repository: file://charts/observability
  version: 0.1.0
- name: postgresql
  repository: oci://registry-1.docker.io/bitnamicharts
  version: 16.7.5
- name: postgresql
  repository: oci://registry-1.docker.io/bitnamicharts
  version: 16.7.5
- name: postgresql
  repository: oci://registry-1.docker.io/bitnamicharts
  version: 16.7.5
- name: postgresql
  repository: oci://registry-1.docker.io/bitnamicharts
  version: 16.7.5
- name: postgresql
  repository: oci://registry-1.docker.io/bitnamicharts
  version: 16.7.5
- name: mongodb
  repository: oci://registry-1.docker.io/bitnamicharts
  version: 16.5.10
- name: redis
  repository: oci://registry-1.docker.io/bitnamicharts
  version: 20.11.3
- name: kafka
  repository: oci://registry-1.docker.io/bitnamicharts
  version: 32.3.4
- name: cp-kafka
  repository: file://charts/cp-kafka
  version: 0.1.0
- name: kong
  repository: https://charts.konghq.com
  version: 2.48.0
digest: sha256:a120d830c14751e7bfa6f8c89496dc3629d1d31341c02615c62e4cd754b6b973
generated: "2026-04-15T16:37:46.523792+08:00"
